// !$*UTF8*$!
{
	archiveVersion = 1;
	classes = {
	};
	objectVersion = 50;
	objects = {

/* Begin PBXBuildFile section */
		E98D1F6323FB202E00F98CD6 /* AppDelegate.swift in Sources */ = {isa = PBXBuildFile; fileRef = E98D1F6223FB202E00F98CD6 /* AppDelegate.swift */; };
		E98D1F6523FB202E00F98CD6 /* SceneDelegate.swift in Sources */ = {isa = PBXBuildFile; fileRef = E98D1F6423FB202E00F98CD6 /* SceneDelegate.swift */; };
		E98D1F6723FB202E00F98CD6 /* ContentView.swift in Sources */ = {isa = PBXBuildFile; fileRef = E98D1F6623FB202E00F98CD6 /* ContentView.swift */; };
		E98D1F6923FB202F00F98CD6 /* Assets.xcassets in Resources */ = {isa = PBXBuildFile; fileRef = E98D1F6823FB202F00F98CD6 /* Assets.xcassets */; };
		E98D1F6C23FB202F00F98CD6 /* Preview Assets.xcassets in Resources */ = {isa = PBXBuildFile; fileRef = E98D1F6B23FB202F00F98CD6 /* Preview Assets.xcassets */; };
		E98D1F6F23FB202F00F98CD6 /* LaunchScreen.storyboard in Resources */ = {isa = PBXBuildFile; fileRef = E98D1F6D23FB202F00F98CD6 /* LaunchScreen.storyboard */; };
		E98D1F7A23FB202F00F98CD6 /* MarketPlaceTests.swift in Sources */ = {isa = PBXBuildFile; fileRef = E98D1F7923FB202F00F98CD6 /* MarketPlaceTests.swift */; };
		E98D1F8523FB202F00F98CD6 /* MarketPlaceUITests.swift in Sources */ = {isa = PBXBuildFile; fileRef = E98D1F8423FB202F00F98CD6 /* MarketPlaceUITests.swift */; };
/* End PBXBuildFile section */

/* Begin PBXContainerItemProxy section */
		E98D1F7623FB202F00F98CD6 /* PBXContainerItemProxy */ = {
			isa = PBXContainerItemProxy;
			containerPortal = E98D1F5723FB202E00F98CD6 /* Project object */;
			proxyType = 1;
			remoteGlobalIDString = E98D1F5E23FB202E00F98CD6;
			remoteInfo = MarketPlace;
		};
		E98D1F8123FB202F00F98CD6 /* PBXContainerItemProxy */ = {
			isa = PBXContainerItemProxy;
			containerPortal = E98D1F5723FB202E00F98CD6 /* Project object */;
			proxyType = 1;
			remoteGlobalIDString = E98D1F5E23FB202E00F98CD6;
			remoteInfo = MarketPlace;
		};
/* End PBXContainerItemProxy section */

/* Begin PBXFileReference section */
		E98D1F5F23FB202E00F98CD6 /* MarketPlace.app */ = {isa = PBXFileReference; explicitFileType = wrapper.application; includeInIndex = 0; path = MarketPlace.app; sourceTree = BUILT_PRODUCTS_DIR; };
		E98D1F6223FB202E00F98CD6 /* AppDelegate.swift */ = {isa = PBXFileReference; lastKnownFileType = sourcecode.swift; path = AppDelegate.swift; sourceTree = "<group>"; };
		E98D1F6423FB202E00F98CD6 /* SceneDelegate.swift */ = {isa = PBXFileReference; lastKnownFileType = sourcecode.swift; path = SceneDelegate.swift; sourceTree = "<group>"; };
		E98D1F6623FB202E00F98CD6 /* ContentView.swift */ = {isa = PBXFileReference; lastKnownFileType = sourcecode.swift; path = ContentView.swift; sourceTree = "<group>"; };
		E98D1F6823FB202F00F98CD6 /* Assets.xcassets */ = {isa = PBXFileReference; lastKnownFileType = folder.assetcatalog; path = Assets.xcassets; sourceTree = "<group>"; };
		E98D1F6B23FB202F00F98CD6 /* Preview Assets.xcassets */ = {isa = PBXFileReference; lastKnownFileType = folder.assetcatalog; path = "Preview Assets.xcassets"; sourceTree = "<group>"; };
		E98D1F6E23FB202F00F98CD6 /* Base */ = {isa = PBXFileReference; lastKnownFileType = file.storyboard; name = Base; path = Base.lproj/LaunchScreen.storyboard; sourceTree = "<group>"; };
		E98D1F7023FB202F00F98CD6 /* Info.plist */ = {isa = PBXFileReference; lastKnownFileType = text.plist.xml; path = Info.plist; sourceTree = "<group>"; };
		E98D1F7523FB202F00F98CD6 /* MarketPlaceTests.xctest */ = {isa = PBXFileReference; explicitFileType = wrapper.cfbundle; includeInIndex = 0; path = MarketPlaceTests.xctest; sourceTree = BUILT_PRODUCTS_DIR; };
		E98D1F7923FB202F00F98CD6 /* MarketPlaceTests.swift */ = {isa = PBXFileReference; lastKnownFileType = sourcecode.swift; path = MarketPlaceTests.swift; sourceTree = "<group>"; };
		E98D1F7B23FB202F00F98CD6 /* Info.plist */ = {isa = PBXFileReference; lastKnownFileType = text.plist.xml; path = Info.plist; sourceTree = "<group>"; };
		E98D1F8023FB202F00F98CD6 /* MarketPlaceUITests.xctest */ = {isa = PBXFileReference; explicitFileType = wrapper.cfbundle; includeInIndex = 0; path = MarketPlaceUITests.xctest; sourceTree = BUILT_PRODUCTS_DIR; };
		E98D1F8423FB202F00F98CD6 /* MarketPlaceUITests.swift */ = {isa = PBXFileReference; lastKnownFileType = sourcecode.swift; path = MarketPlaceUITests.swift; sourceTree = "<group>"; };
		E98D1F8623FB202F00F98CD6 /* Info.plist */ = {isa = PBXFileReference; lastKnownFileType = text.plist.xml; path = Info.plist; sourceTree = "<group>"; };
/* End PBXFileReference section */

/* Begin PBXFrameworksBuildPhase section */
		E98D1F5C23FB202E00F98CD6 /* Frameworks */ = {
			isa = PBXFrameworksBuildPhase;
			buildActionMask = 2147483647;
			files = (
			);
			runOnlyForDeploymentPostprocessing = 0;
		};
		E98D1F7223FB202F00F98CD6 /* Frameworks */ = {
			isa = PBXFrameworksBuildPhase;
			buildActionMask = 2147483647;
			files = (
			);
			runOnlyForDeploymentPostprocessing = 0;
		};
		E98D1F7D23FB202F00F98CD6 /* Frameworks */ = {
			isa = PBXFrameworksBuildPhase;
			buildActionMask = 2147483647;
			files = (
			);
			runOnlyForDeploymentPostprocessing = 0;
		};
/* End PBXFrameworksBuildPhase section */

/* Begin PBXGroup section */
		E98D1F5623FB202E00F98CD6 = {
			isa = PBXGroup;
			children = (
				E98D1F6123FB202E00F98CD6 /* MarketPlace */,
				E98D1F7823FB202F00F98CD6 /* MarketPlaceTests */,
				E98D1F8323FB202F00F98CD6 /* MarketPlaceUITests */,
				E98D1F6023FB202E00F98CD6 /* Products */,
			);
			sourceTree = "<group>";
		};
		E98D1F6023FB202E00F98CD6 /* Products */ = {
			isa = PBXGroup;
			children = (
				E98D1F5F23FB202E00F98CD6 /* MarketPlace.app */,
				E98D1F7523FB202F00F98CD6 /* MarketPlaceTests.xctest */,
				E98D1F8023FB202F00F98CD6 /* MarketPlaceUITests.xctest */,
			);
			name = Products;
			sourceTree = "<group>";
		};
		E98D1F6123FB202E00F98CD6 /* MarketPlace */ = {
			isa = PBXGroup;
			children = (
				E98D1F6223FB202E00F98CD6 /* AppDelegate.swift */,
				E98D1F6423FB202E00F98CD6 /* SceneDelegate.swift */,
				E98D1F6623FB202E00F98CD6 /* ContentView.swift */,
				E98D1F6823FB202F00F98CD6 /* Assets.xcassets */,
				E98D1F6D23FB202F00F98CD6 /* LaunchScreen.storyboard */,
				E98D1F7023FB202F00F98CD6 /* Info.plist */,
				E98D1F6A23FB202F00F98CD6 /* Preview Content */,
			);
			path = MarketPlace;
			sourceTree = "<group>";
		};
		E98D1F6A23FB202F00F98CD6 /* Preview Content */ = {
			isa = PBXGroup;
			children = (
				E98D1F6B23FB202F00F98CD6 /* Preview Assets.xcassets */,
			);
			path = "Preview Content";
			sourceTree = "<group>";
		};
		E98D1F7823FB202F00F98CD6 /* MarketPlaceTests */ = {
			isa = PBXGroup;
			children = (
				E98D1F7923FB202F00F98CD6 /* MarketPlaceTests.swift */,
				E98D1F7B23FB202F00F98CD6 /* Info.plist */,
			);
			path = MarketPlaceTests;
			sourceTree = "<group>";
		};
		E98D1F8323FB202F00F98CD6 /* MarketPlaceUITests */ = {
			isa = PBXGroup;
			children = (
				E98D1F8423FB202F00F98CD6 /* MarketPlaceUITests.swift */,
				E98D1F8623FB202F00F98CD6 /* Info.plist */,
			);
			path = MarketPlaceUITests;
			sourceTree = "<group>";
		};
/* End PBXGroup section */

/* Begin PBXNativeTarget section */
		E98D1F5E23FB202E00F98CD6 /* MarketPlace */ = {
			isa = PBXNativeTarget;
			buildConfigurationList = E98D1F8923FB202F00F98CD6 /* Build configuration list for PBXNativeTarget "MarketPlace" */;
			buildPhases = (
				E98D1F5B23FB202E00F98CD6 /* Sources */,
				E98D1F5C23FB202E00F98CD6 /* Frameworks */,
				E98D1F5D23FB202E00F98CD6 /* Resources */,
			);
			buildRules = (
			);
			dependencies = (
			);
			name = MarketPlace;
			productName = MarketPlace;
			productReference = E98D1F5F23FB202E00F98CD6 /* MarketPlace.app */;
			productType = "com.apple.product-type.application";
		};
		E98D1F7423FB202F00F98CD6 /* MarketPlaceTests */ = {
			isa = PBXNativeTarget;
			buildConfigurationList = E98D1F8C23FB202F00F98CD6 /* Build configuration list for PBXNativeTarget "MarketPlaceTests" */;
			buildPhases = (
				E98D1F7123FB202F00F98CD6 /* Sources */,
				E98D1F7223FB202F00F98CD6 /* Frameworks */,
				E98D1F7323FB202F00F98CD6 /* Resources */,
			);
			buildRules = (
			);
			dependencies = (
				E98D1F7723FB202F00F98CD6 /* PBXTargetDependency */,
			);
			name = MarketPlaceTests;
			productName = MarketPlaceTests;
			productReference = E98D1F7523FB202F00F98CD6 /* MarketPlaceTests.xctest */;
			productType = "com.apple.product-type.bundle.unit-test";
		};
		E98D1F7F23FB202F00F98CD6 /* MarketPlaceUITests */ = {
			isa = PBXNativeTarget;
			buildConfigurationList = E98D1F8F23FB202F00F98CD6 /* Build configuration list for PBXNativeTarget "MarketPlaceUITests" */;
			buildPhases = (
				E98D1F7C23FB202F00F98CD6 /* Sources */,
				E98D1F7D23FB202F00F98CD6 /* Frameworks */,
				E98D1F7E23FB202F00F98CD6 /* Resources */,
			);
			buildRules = (
			);
			dependencies = (
				E98D1F8223FB202F00F98CD6 /* PBXTargetDependency */,
			);
			name = MarketPlaceUITests;
			productName = MarketPlaceUITests;
			productReference = E98D1F8023FB202F00F98CD6 /* MarketPlaceUITests.xctest */;
			productType = "com.apple.product-type.bundle.ui-testing";
		};
/* End PBXNativeTarget section */

/* Begin PBXProject section */
		E98D1F5723FB202E00F98CD6 /* Project object */ = {
			isa = PBXProject;
			attributes = {
				LastSwiftUpdateCheck = 1130;
				LastUpgradeCheck = 1130;
				ORGANIZATIONNAME = "Ashish-Ritish";
				TargetAttributes = {
					E98D1F5E23FB202E00F98CD6 = {
						CreatedOnToolsVersion = 11.3.1;
					};
					E98D1F7423FB202F00F98CD6 = {
						CreatedOnToolsVersion = 11.3.1;
						TestTargetID = E98D1F5E23FB202E00F98CD6;
					};
					E98D1F7F23FB202F00F98CD6 = {
						CreatedOnToolsVersion = 11.3.1;
						TestTargetID = E98D1F5E23FB202E00F98CD6;
					};
				};
			};
			buildConfigurationList = E98D1F5A23FB202E00F98CD6 /* Build configuration list for PBXProject "MarketPlace" */;
			compatibilityVersion = "Xcode 9.3";
			developmentRegion = en;
			hasScannedForEncodings = 0;
			knownRegions = (
				en,
				Base,
			);
			mainGroup = E98D1F5623FB202E00F98CD6;
			productRefGroup = E98D1F6023FB202E00F98CD6 /* Products */;
			projectDirPath = "";
			projectRoot = "";
			targets = (
				E98D1F5E23FB202E00F98CD6 /* MarketPlace */,
				E98D1F7423FB202F00F98CD6 /* MarketPlaceTests */,
				E98D1F7F23FB202F00F98CD6 /* MarketPlaceUITests */,
			);
		};
/* End PBXProject section */

/* Begin PBXResourcesBuildPhase section */
		E98D1F5D23FB202E00F98CD6 /* Resources */ = {
			isa = PBXResourcesBuildPhase;
			buildActionMask = 2147483647;
			files = (
				E98D1F6F23FB202F00F98CD6 /* LaunchScreen.storyboard in Resources */,
				E98D1F6C23FB202F00F98CD6 /* Preview Assets.xcassets in Resources */,
				E98D1F6923FB202F00F98CD6 /* Assets.xcassets in Resources */,
			);
			runOnlyForDeploymentPostprocessing = 0;
		};
		E98D1F7323FB202F00F98CD6 /* Resources */ = {
			isa = PBXResourcesBuildPhase;
			buildActionMask = 2147483647;
			files = (
			);
			runOnlyForDeploymentPostprocessing = 0;
		};
		E98D1F7E23FB202F00F98CD6 /* Resources */ = {
			isa = PBXResourcesBuildPhase;
			buildActionMask = 2147483647;
			files = (
			);
			runOnlyForDeploymentPostprocessing = 0;
		};
/* End PBXResourcesBuildPhase section */

/* Begin PBXSourcesBuildPhase section */
		E98D1F5B23FB202E00F98CD6 /* Sources */ = {
			isa = PBXSourcesBuildPhase;
			buildActionMask = 2147483647;
			files = (
				E98D1F6323FB202E00F98CD6 /* AppDelegate.swift in Sources */,
				E98D1F6523FB202E00F98CD6 /* SceneDelegate.swift in Sources */,
				E98D1F6723FB202E00F98CD6 /* ContentView.swift in Sources */,
			);
			runOnlyForDeploymentPostprocessing = 0;
		};
		E98D1F7123FB202F00F98CD6 /* Sources */ = {
			isa = PBXSourcesBuildPhase;
			buildActionMask = 2147483647;
			files = (
				E98D1F7A23FB202F00F98CD6 /* MarketPlaceTests.swift in Sources */,
			);
			runOnlyForDeploymentPostprocessing = 0;
		};
		E98D1F7C23FB202F00F98CD6 /* Sources */ = {
			isa = PBXSourcesBuildPhase;
			buildActionMask = 2147483647;
			files = (
				E98D1F8523FB202F00F98CD6 /* MarketPlaceUITests.swift in Sources */,
			);
			runOnlyForDeploymentPostprocessing = 0;
		};
/* End PBXSourcesBuildPhase section */

/* Begin PBXTargetDependency section */
		E98D1F7723FB202F00F98CD6 /* PBXTargetDependency */ = {
			isa = PBXTargetDependency;
			target = E98D1F5E23FB202E00F98CD6 /* MarketPlace */;
			targetProxy = E98D1F7623FB202F00F98CD6 /* PBXContainerItemProxy */;
		};
		E98D1F8223FB202F00F98CD6 /* PBXTargetDependency */ = {
			isa = PBXTargetDependency;
			target = E98D1F5E23FB202E00F98CD6 /* MarketPlace */;
			targetProxy = E98D1F8123FB202F00F98CD6 /* PBXContainerItemProxy */;
		};
/* End PBXTargetDependency section */

/* Begin PBXVariantGroup section */
		E98D1F6D23FB202F00F98CD6 /* LaunchScreen.storyboard */ = {
			isa = PBXVariantGroup;
			children = (
				E98D1F6E23FB202F00F98CD6 /* Base */,
			);
			name = LaunchScreen.storyboard;
			sourceTree = "<group>";
		};
/* End PBXVariantGroup section */

/* Begin XCBuildConfiguration section */
		E98D1F8723FB202F00F98CD6 /* Debug */ = {
			isa = XCBuildConfiguration;
			buildSettings = {
				ALWAYS_SEARCH_USER_PATHS = NO;
				CLANG_ANALYZER_NONNULL = YES;
				CLANG_ANALYZER_NUMBER_OBJECT_CONVERSION = YES_AGGRESSIVE;
				CLANG_CXX_LANGUAGE_STANDARD = "gnu++14";
				CLANG_CXX_LIBRARY = "libc++";
				CLANG_ENABLE_MODULES = YES;
				CLANG_ENABLE_OBJC_ARC = YES;
				CLANG_ENABLE_OBJC_WEAK = YES;
				CLANG_WARN_BLOCK_CAPTURE_AUTORELEASING = YES;
				CLANG_WARN_BOOL_CONVERSION = YES;
				CLANG_WARN_COMMA = YES;
				CLANG_WARN_CONSTANT_CONVERSION = YES;
				CLANG_WARN_DEPRECATED_OBJC_IMPLEMENTATIONS = YES;
				CLANG_WARN_DIRECT_OBJC_ISA_USAGE = YES_ERROR;
				CLANG_WARN_DOCUMENTATION_COMMENTS = YES;
				CLANG_WARN_EMPTY_BODY = YES;
				CLANG_WARN_ENUM_CONVERSION = YES;
				CLANG_WARN_INFINITE_RECURSION = YES;
				CLANG_WARN_INT_CONVERSION = YES;
				CLANG_WARN_NON_LITERAL_NULL_CONVERSION = YES;
				CLANG_WARN_OBJC_IMPLICIT_RETAIN_SELF = YES;
				CLANG_WARN_OBJC_LITERAL_CONVERSION = YES;
				CLANG_WARN_OBJC_ROOT_CLASS = YES_ERROR;
				CLANG_WARN_RANGE_LOOP_ANALYSIS = YES;
				CLANG_WARN_STRICT_PROTOTYPES = YES;
				CLANG_WARN_SUSPICIOUS_MOVE = YES;
				CLANG_WARN_UNGUARDED_AVAILABILITY = YES_AGGRESSIVE;
				CLANG_WARN_UNREACHABLE_CODE = YES;
				CLANG_WARN__DUPLICATE_METHOD_MATCH = YES;
				COPY_PHASE_STRIP = NO;
				DEBUG_INFORMATION_FORMAT = dwarf;
				ENABLE_STRICT_OBJC_MSGSEND = YES;
				ENABLE_TESTABILITY = YES;
				GCC_C_LANGUAGE_STANDARD = gnu11;
				GCC_DYNAMIC_NO_PIC = NO;
				GCC_NO_COMMON_BLOCKS = YES;
				GCC_OPTIMIZATION_LEVEL = 0;
				GCC_PREPROCESSOR_DEFINITIONS = (
					"DEBUG=1",
					"$(inherited)",
				);
				GCC_WARN_64_TO_32_BIT_CONVERSION = YES;
				GCC_WARN_ABOUT_RETURN_TYPE = YES_ERROR;
				GCC_WARN_UNDECLARED_SELECTOR = YES;
				GCC_WARN_UNINITIALIZED_AUTOS = YES_AGGRESSIVE;
				GCC_WARN_UNUSED_FUNCTION = YES;
				GCC_WARN_UNUSED_VARIABLE = YES;
				IPHONEOS_DEPLOYMENT_TARGET = 13.2;
				MTL_ENABLE_DEBUG_INFO = INCLUDE_SOURCE;
				MTL_FAST_MATH = YES;
				ONLY_ACTIVE_ARCH = YES;
				SDKROOT = iphoneos;
				SWIFT_ACTIVE_COMPILATION_CONDITIONS = DEBUG;
				SWIFT_OPTIMIZATION_LEVEL = "-Onone";
			};
			name = Debug;
		};
		E98D1F8823FB202F00F98CD6 /* Release */ = {
			isa = XCBuildConfiguration;
			buildSettings = {
				ALWAYS_SEARCH_USER_PATHS = NO;
				CLANG_ANALYZER_NONNULL = YES;
				CLANG_ANALYZER_NUMBER_OBJECT_CONVERSION = YES_AGGRESSIVE;
				CLANG_CXX_LANGUAGE_STANDARD = "gnu++14";
				CLANG_CXX_LIBRARY = "libc++";
				CLANG_ENABLE_MODULES = YES;
				CLANG_ENABLE_OBJC_ARC = YES;
				CLANG_ENABLE_OBJC_WEAK = YES;
				CLANG_WARN_BLOCK_CAPTURE_AUTORELEASING = YES;
				CLANG_WARN_BOOL_CONVERSION = YES;
				CLANG_WARN_COMMA = YES;
				CLANG_WARN_CONSTANT_CONVERSION = YES;
				CLANG_WARN_DEPRECATED_OBJC_IMPLEMENTATIONS = YES;
				CLANG_WARN_DIRECT_OBJC_ISA_USAGE = YES_ERROR;
				CLANG_WARN_DOCUMENTATION_COMMENTS = YES;
				CLANG_WARN_EMPTY_BODY = YES;
				CLANG_WARN_ENUM_CONVERSION = YES;
				CLANG_WARN_INFINITE_RECURSION = YES;
				CLANG_WARN_INT_CONVERSION = YES;
				CLANG_WARN_NON_LITERAL_NULL_CONVERSION = YES;
				CLANG_WARN_OBJC_IMPLICIT_RETAIN_SELF = YES;
				CLANG_WARN_OBJC_LITERAL_CONVERSION = YES;
				CLANG_WARN_OBJC_ROOT_CLASS = YES_ERROR;
				CLANG_WARN_RANGE_LOOP_ANALYSIS = YES;
				CLANG_WARN_STRICT_PROTOTYPES = YES;
				CLANG_WARN_SUSPICIOUS_MOVE = YES;
				CLANG_WARN_UNGUARDED_AVAILABILITY = YES_AGGRESSIVE;
				CLANG_WARN_UNREACHABLE_CODE = YES;
				CLANG_WARN__DUPLICATE_METHOD_MATCH = YES;
				COPY_PHASE_STRIP = NO;
				DEBUG_INFORMATION_FORMAT = "dwarf-with-dsym";
				ENABLE_NS_ASSERTIONS = NO;
				ENABLE_STRICT_OBJC_MSGSEND = YES;
				GCC_C_LANGUAGE_STANDARD = gnu11;
				GCC_NO_COMMON_BLOCKS = YES;
				GCC_WARN_64_TO_32_BIT_CONVERSION = YES;
				GCC_WARN_ABOUT_RETURN_TYPE = YES_ERROR;
				GCC_WARN_UNDECLARED_SELECTOR = YES;
				GCC_WARN_UNINITIALIZED_AUTOS = YES_AGGRESSIVE;
				GCC_WARN_UNUSED_FUNCTION = YES;
				GCC_WARN_UNUSED_VARIABLE = YES;
				IPHONEOS_DEPLOYMENT_TARGET = 13.2;
				MTL_ENABLE_DEBUG_INFO = NO;
				MTL_FAST_MATH = YES;
				SDKROOT = iphoneos;
				SWIFT_COMPILATION_MODE = wholemodule;
				SWIFT_OPTIMIZATION_LEVEL = "-O";
				VALIDATE_PRODUCT = YES;
			};
			name = Release;
		};
		E98D1F8A23FB202F00F98CD6 /* Debug */ = {
			isa = XCBuildConfiguration;
			buildSettings = {
				ASSETCATALOG_COMPILER_APPICON_NAME = AppIcon;
				CODE_SIGN_STYLE = Automatic;
				DEVELOPMENT_ASSET_PATHS = "\"MarketPlace/Preview Content\"";
				ENABLE_PREVIEWS = YES;
				INFOPLIST_FILE = MarketPlace/Info.plist;
				LD_RUNPATH_SEARCH_PATHS = (
					"$(inherited)",
					"@executable_path/Frameworks",
				);
				PRODUCT_BUNDLE_IDENTIFIER = edu.newhaven.MarketPlace;
				PRODUCT_NAME = "$(TARGET_NAME)";
				SWIFT_VERSION = 5.0;
				TARGETED_DEVICE_FAMILY = "1,2";
			};
			name = Debug;
		};
		E98D1F8B23FB202F00F98CD6 /* Release */ = {
			isa = XCBuildConfiguration;
			buildSettings = {
				ASSETCATALOG_COMPILER_APPICON_NAME = AppIcon;
				CODE_SIGN_STYLE = Automatic;
				DEVELOPMENT_ASSET_PATHS = "\"MarketPlace/Preview Content\"";
				ENABLE_PREVIEWS = YES;
				INFOPLIST_FILE = MarketPlace/Info.plist;
				LD_RUNPATH_SEARCH_PATHS = (
					"$(inherited)",
					"@executable_path/Frameworks",
				);
				PRODUCT_BUNDLE_IDENTIFIER = edu.newhaven.MarketPlace;
				PRODUCT_NAME = "$(TARGET_NAME)";
				SWIFT_VERSION = 5.0;
				TARGETED_DEVICE_FAMILY = "1,2";
			};
			name = Release;
		};
		E98D1F8D23FB202F00F98CD6 /* Debug */ = {
			isa = XCBuildConfiguration;
			buildSettings = {
				ALWAYS_EMBED_SWIFT_STANDARD_LIBRARIES = YES;
				BUNDLE_LOADER = "$(TEST_HOST)";
				CODE_SIGN_STYLE = Automatic;
				INFOPLIST_FILE = MarketPlaceTests/Info.plist;
				IPHONEOS_DEPLOYMENT_TARGET = 13.2;
				LD_RUNPATH_SEARCH_PATHS = (
					"$(inherited)",
					"@executable_path/Frameworks",
					"@loader_path/Frameworks",
				);
				PRODUCT_BUNDLE_IDENTIFIER = edu.newhaven.MarketPlaceTests;
				PRODUCT_NAME = "$(TARGET_NAME)";
				SWIFT_VERSION = 5.0;
				TARGETED_DEVICE_FAMILY = "1,2";
				TEST_HOST = "$(BUILT_PRODUCTS_DIR)/MarketPlace.app/MarketPlace";
			};
			name = Debug;
		};
		E98D1F8E23FB202F00F98CD6 /* Release */ = {
			isa = XCBuildConfiguration;
			buildSettings = {
				ALWAYS_EMBED_SWIFT_STANDARD_LIBRARIES = YES;
				BUNDLE_LOADER = "$(TEST_HOST)";
				CODE_SIGN_STYLE = Automatic;
				INFOPLIST_FILE = MarketPlaceTests/Info.plist;
				IPHONEOS_DEPLOYMENT_TARGET = 13.2;
				LD_RUNPATH_SEARCH_PATHS = (
					"$(inherited)",
					"@executable_path/Frameworks",
					"@loader_path/Frameworks",
				);
				PRODUCT_BUNDLE_IDENTIFIER = edu.newhaven.MarketPlaceTests;
				PRODUCT_NAME = "$(TARGET_NAME)";
				SWIFT_VERSION = 5.0;
				TARGETED_DEVICE_FAMILY = "1,2";
				TEST_HOST = "$(BUILT_PRODUCTS_DIR)/MarketPlace.app/MarketPlace";
			};
			name = Release;
		};
		E98D1F9023FB202F00F98CD6 /* Debug */ = {
			isa = XCBuildConfiguration;
			buildSettings = {
				ALWAYS_EMBED_SWIFT_STANDARD_LIBRARIES = YES;
				CODE_SIGN_STYLE = Automatic;
				INFOPLIST_FILE = MarketPlaceUITests/Info.plist;
				LD_RUNPATH_SEARCH_PATHS = (
					"$(inherited)",
					"@executable_path/Frameworks",
					"@loader_path/Frameworks",
				);
				PRODUCT_BUNDLE_IDENTIFIER = edu.newhaven.MarketPlaceUITests;
				PRODUCT_NAME = "$(TARGET_NAME)";
				SWIFT_VERSION = 5.0;
				TARGETED_DEVICE_FAMILY = "1,2";
				TEST_TARGET_NAME = MarketPlace;
			};
			name = Debug;
		};
		E98D1F9123FB202F00F98CD6 /* Release */ = {
			isa = XCBuildConfiguration;
			buildSettings = {
				ALWAYS_EMBED_SWIFT_STANDARD_LIBRARIES = YES;
				CODE_SIGN_STYLE = Automatic;
				INFOPLIST_FILE = MarketPlaceUITests/Info.plist;
				LD_RUNPATH_SEARCH_PATHS = (
					"$(inherited)",
					"@executable_path/Frameworks",
					"@loader_path/Frameworks",
				);
				PRODUCT_BUNDLE_IDENTIFIER = edu.newhaven.MarketPlaceUITests;
				PRODUCT_NAME = "$(TARGET_NAME)";
				SWIFT_VERSION = 5.0;
				TARGETED_DEVICE_FAMILY = "1,2";
				TEST_TARGET_NAME = MarketPlace;
			};
			name = Release;
		};
/* End XCBuildConfiguration section */

/* Begin XCConfigurationList section */
		E98D1F5A23FB202E00F98CD6 /* Build configuration list for PBXProject "MarketPlace" */ = {
			isa = XCConfigurationList;
			buildConfigurations = (
				E98D1F8723FB202F00F98CD6 /* Debug */,
				E98D1F8823FB202F00F98CD6 /* Release */,
			);
			defaultConfigurationIsVisible = 0;
			defaultConfigurationName = Release;
		};
		E98D1F8923FB202F00F98CD6 /* Build configuration list for PBXNativeTarget "MarketPlace" */ = {
			isa = XCConfigurationList;
			buildConfigurations = (
				E98D1F8A23FB202F00F98CD6 /* Debug */,
				E98D1F8B23FB202F00F98CD6 /* Release */,
			);
			defaultConfigurationIsVisible = 0;
			defaultConfigurationName = Release;
		};
		E98D1F8C23FB202F00F98CD6 /* Build configuration list for PBXNativeTarget "MarketPlaceTests" */ = {
			isa = XCConfigurationList;
			buildConfigurations = (
				E98D1F8D23FB202F00F98CD6 /* Debug */,
				E98D1F8E23FB202F00F98CD6 /* Release */,
			);
			defaultConfigurationIsVisible = 0;
			defaultConfigurationName = Release;
		};
		E98D1F8F23FB202F00F98CD6 /* Build configuration list for PBXNativeTarget "MarketPlaceUITests" */ = {
			isa = XCConfigurationList;
			buildConfigurations = (
				E98D1F9023FB202F00F98CD6 /* Debug */,
				E98D1F9123FB202F00F98CD6 /* Release */,
			);
			defaultConfigurationIsVisible = 0;
			defaultConfigurationName = Release;
		};
/* End XCConfigurationList section */
	};
	rootObject = E98D1F5723FB202E00F98CD6 /* Project object */;
}
